
Microsoft Visual Studio Solution File, Format Version 12.00
# Visual Studio Version 17
VisualStudioVersion = 17.11.35222.181
MinimumVisualStudioVersion = 10.0.40219.1
Project("{FAE04EC0-301F-11D3-BF4B-00C04F79EFBC}") = "FundsManager", "FundsManager\FundsManager.csproj", "{84259E1F-3340-4C33-9966-C4D357D04633}"
EndProject
Global
	GlobalSection(SolutionConfigurationPlatforms) = preSolution
		Debug|Any CPU = Debug|Any CPU
		Release|Any CPU = Release|Any CPU
	EndGlobalSection
	GlobalSection(ProjectConfigurationPlatforms) = postSolution
		{84259E1F-3340-4C33-9966-C4D357D04633}.Debug|Any CPU.ActiveCfg = Debug|Any CPU
		{84259E1F-3340-4C33-9966-C4D357D04633}.Debug|Any CPU.Build.0 = Debug|Any CPU
		{84259E1F-3340-4C33-9966-C4D357D04633}.Release|Any CPU.ActiveCfg = Release|Any CPU
		{84259E1F-3340-4C33-9966-C4D357D04633}.Release|Any CPU.Build.0 = Release|Any CPU
	EndGlobalSection
	GlobalSection(SolutionProperties) = preSolution
		HideSolutionNode = FALSE
	EndGlobalSection
	GlobalSection(ExtensibilityGlobals) = postSolution
		SolutionGuid = {D41A7D8A-9B69-4C88-9487-8B53CA4ADBD2}
	EndGlobalSection
EndGlobal
